// !$*UTF8*$!
{
	archiveVersion = 1;
	classes = {
	};
	objectVersion = 55;
	objects = {

/* Begin PBXBuildFile section */
		87BEEC9E287D0AAA001226A4 /* AppDelegate.swift in Sources */ = {isa = PBXBuildFile; fileRef = 87BEEC9D287D0AAA001226A4 /* AppDelegate.swift */; };
		87BEECA0287D0AAA001226A4 /* SceneDelegate.swift in Sources */ = {isa = PBXBuildFile; fileRef = 87BEEC9F287D0AAA001226A4 /* SceneDelegate.swift */; };
		87BEECA2287D0AAA001226A4 /* HomeVC.swift in Sources */ = {isa = PBXBuildFile; fileRef = 87BEECA1287D0AAA001226A4 /* HomeVC.swift */; };
		87BEECA5287D0AAA001226A4 /* Main.storyboard in Resources */ = {isa = PBXBuildFile; fileRef = 87BEECA3287D0AAA001226A4 /* Main.storyboard */; };
		87BEECA7287D0AAD001226A4 /* Assets.xcassets in Resources */ = {isa = PBXBuildFile; fileRef = 87BEECA6287D0AAD001226A4 /* Assets.xcassets */; };
		87BEECAA287D0AAD001226A4 /* LaunchScreen.storyboard in Resources */ = {isa = PBXBuildFile; fileRef = 87BEECA8287D0AAD001226A4 /* LaunchScreen.storyboard */; };
		87BEECB2287D0DE6001226A4 /* UserListVC.swift in Sources */ = {isa = PBXBuildFile; fileRef = 87BEECB1287D0DE6001226A4 /* UserListVC.swift */; };
		87BEECB4287D0E12001226A4 /* PhotoCollectionVC.swift in Sources */ = {isa = PBXBuildFile; fileRef = 87BEECB3287D0E12001226A4 /* PhotoCollectionVC.swift */; };
/* End PBXBuildFile section */

/* Begin PBXFileReference section */
		87BEEC9A287D0AAA001226A4 /* NetworkApplication.app */ = {isa = PBXFileReference; explicitFileType = wrapper.application; includeInIndex = 0; path = NetworkApplication.app; sourceTree = BUILT_PRODUCTS_DIR; };
		87BEEC9D287D0AAA001226A4 /* AppDelegate.swift */ = {isa = PBXFileReference; lastKnownFileType = sourcecode.swift; path = AppDelegate.swift; sourceTree = "<group>"; };
		87BEEC9F287D0AAA001226A4 /* SceneDelegate.swift */ = {isa = PBXFileReference; lastKnownFileType = sourcecode.swift; path = SceneDelegate.swift; sourceTree = "<group>"; };
		87BEECA1287D0AAA001226A4 /* HomeVC.swift */ = {isa = PBXFileReference; lastKnownFileType = sourcecode.swift; path = HomeVC.swift; sourceTree = "<group>"; };
		87BEECA4287D0AAA001226A4 /* Base */ = {isa = PBXFileReference; lastKnownFileType = file.storyboard; name = Base; path = Base.lproj/Main.storyboard; sourceTree = "<group>"; };
		87BEECA6287D0AAD001226A4 /* Assets.xcassets */ = {isa = PBXFileReference; lastKnownFileType = folder.assetcatalog; path = Assets.xcassets; sourceTree = "<group>"; };
		87BEECA9287D0AAD001226A4 /* Base */ = {isa = PBXFileReference; lastKnownFileType = file.storyboard; name = Base; path = Base.lproj/LaunchScreen.storyboard; sourceTree = "<group>"; };
		87BEECAB287D0AAD001226A4 /* Info.plist */ = {isa = PBXFileReference; lastKnownFileType = text.plist.xml; path = Info.plist; sourceTree = "<group>"; };
		87BEECB1287D0DE6001226A4 /* UserListVC.swift */ = {isa = PBXFileReference; lastKnownFileType = sourcecode.swift; path = UserListVC.swift; sourceTree = "<group>"; };
		87BEECB3287D0E12001226A4 /* PhotoCollectionVC.swift */ = {isa = PBXFileReference; lastKnownFileType = sourcecode.swift; path = PhotoCollectionVC.swift; sourceTree = "<group>"; };
/* End PBXFileReference section */

/* Begin PBXFrameworksBuildPhase section */
		87BEEC97287D0AAA001226A4 /* Frameworks */ = {
			isa = PBXFrameworksBuildPhase;
			buildActionMask = 2147483647;
			files = (
			);
			runOnlyForDeploymentPostprocessing = 0;
		};
/* End PBXFrameworksBuildPhase section */

/* Begin PBXGroup section */
		878A7C77287E946800778AF7 /* viewcontroller */ = {
			isa = PBXGroup;
			children = (
				87BEECA1287D0AAA001226A4 /* HomeVC.swift */,
				87BEECB1287D0DE6001226A4 /* UserListVC.swift */,
				87BEECB3287D0E12001226A4 /* PhotoCollectionVC.swift */,
			);
			path = viewcontroller;
			sourceTree = "<group>";
		};
		87BEEC91287D0AAA001226A4 = {
			isa = PBXGroup;
			children = (
				87BEEC9C287D0AAA001226A4 /* NetworkApplication */,
				87BEEC9B287D0AAA001226A4 /* Products */,
			);
			sourceTree = "<group>";
		};
		87BEEC9B287D0AAA001226A4 /* Products */ = {
			isa = PBXGroup;
			children = (
				87BEEC9A287D0AAA001226A4 /* NetworkApplication.app */,
			);
			name = Products;
			sourceTree = "<group>";
		};
		87BEEC9C287D0AAA001226A4 /* NetworkApplication */ = {
			isa = PBXGroup;
			children = (
				878A7C77287E946800778AF7 /* viewcontroller */,
				87BEEC9D287D0AAA001226A4 /* AppDelegate.swift */,
				87BEEC9F287D0AAA001226A4 /* SceneDelegate.swift */,
				87BEECA3287D0AAA001226A4 /* Main.storyboard */,
				87BEECA6287D0AAD001226A4 /* Assets.xcassets */,
				87BEECA8287D0AAD001226A4 /* LaunchScreen.storyboard */,
				87BEECAB287D0AAD001226A4 /* Info.plist */,
			);
			path = NetworkApplication;
			sourceTree = "<group>";
		};
/* End PBXGroup section */

/* Begin PBXNativeTarget section */
		87BEEC99287D0AAA001226A4 /* NetworkApplication */ = {
			isa = PBXNativeTarget;
			buildConfigurationList = 87BEECAE287D0AAD001226A4 /* Build configuration list for PBXNativeTarget "NetworkApplication" */;
			buildPhases = (
				87BEEC96287D0AAA001226A4 /* Sources */,
				87BEEC97287D0AAA001226A4 /* Frameworks */,
				87BEEC98287D0AAA001226A4 /* Resources */,
			);
			buildRules = (
			);
			dependencies = (
			);
			name = NetworkApplication;
			productName = NetworkApplication;
			productReference = 87BEEC9A287D0AAA001226A4 /* NetworkApplication.app */;
			productType = "com.apple.product-type.application";
		};
/* End PBXNativeTarget section */

/* Begin PBXProject section */
		87BEEC92287D0AAA001226A4 /* Project object */ = {
			isa = PBXProject;
			attributes = {
				BuildIndependentTargetsInParallel = 1;
				LastSwiftUpdateCheck = 1320;
				LastUpgradeCheck = 1320;
				TargetAttributes = {
					87BEEC99287D0AAA001226A4 = {
						CreatedOnToolsVersion = 13.2.1;
					};
				};
			};
			buildConfigurationList = 87BEEC95287D0AAA001226A4 /* Build configuration list for PBXProject "NetworkApplication" */;
			compatibilityVersion = "Xcode 13.0";
			developmentRegion = en;
			hasScannedForEncodings = 0;
			knownRegions = (
				en,
				Base,
			);
			mainGroup = 87BEEC91287D0AAA001226A4;
			productRefGroup = 87BEEC9B287D0AAA001226A4 /* Products */;
			projectDirPath = "";
			projectRoot = "";
			targets = (
				87BEEC99287D0AAA001226A4 /* NetworkApplication */,
			);
		};
/* End PBXProject section */

/* Begin PBXResourcesBuildPhase section */
		87BEEC98287D0AAA001226A4 /* Resources */ = {
			isa = PBXResourcesBuildPhase;
			buildActionMask = 2147483647;
			files = (
				87BEECAA287D0AAD001226A4 /* LaunchScreen.storyboard in Resources */,
				87BEECA7287D0AAD001226A4 /* Assets.xcassets in Resources */,
				87BEECA5287D0AAA001226A4 /* Main.storyboard in Resources */,
			);
			runOnlyForDeploymentPostprocessing = 0;
		};
/* End PBXResourcesBuildPhase section */

/* Begin PBXSourcesBuildPhase section */
		87BEEC96287D0AAA001226A4 /* Sources */ = {
			isa = PBXSourcesBuildPhase;
			buildActionMask = 2147483647;
			files = (
				87BEECA2287D0AAA001226A4 /* HomeVC.swift in Sources */,
				87BEEC9E287D0AAA001226A4 /* AppDelegate.swift in Sources */,
				87BEECA0287D0AAA001226A4 /* SceneDelegate.swift in Sources */,
				87BEECB2287D0DE6001226A4 /* UserListVC.swift in Sources */,
				87BEECB4287D0E12001226A4 /* PhotoCollectionVC.swift in Sources */,
			);
			runOnlyForDeploymentPostprocessing = 0;
		};
/* End PBXSourcesBuildPhase section */

/* Begin PBXVariantGroup section */
		87BEECA3287D0AAA001226A4 /* Main.storyboard */ = {
			isa = PBXVariantGroup;
			children = (
				87BEECA4287D0AAA001226A4 /* Base */,
			);
			name = Main.storyboard;
			sourceTree = "<group>";
		};
		87BEECA8287D0AAD001226A4 /* LaunchScreen.storyboard */ = {
			isa = PBXVariantGroup;
			children = (
				87BEECA9287D0AAD001226A4 /* Base */,
			);
			name = LaunchScreen.storyboard;
			sourceTree = "<group>";
		};
/* End PBXVariantGroup section */

/* Begin XCBuildConfiguration section */
		87BEECAC287D0AAD001226A4 /* Debug */ = {
			isa = XCBuildConfiguration;
			buildSettings = {
				ALWAYS_SEARCH_USER_PATHS = NO;
				CLANG_ANALYZER_NONNULL = YES;
				CLANG_ANALYZER_NUMBER_OBJECT_CONVERSION = YES_AGGRESSIVE;
				CLANG_CXX_LANGUAGE_STANDARD = "gnu++17";
				CLANG_CXX_LIBRARY = "libc++";
				CLANG_ENABLE_MODULES = YES;
				CLANG_ENABLE_OBJC_ARC = YES;
				CLANG_ENABLE_OBJC_WEAK = YES;
				CLANG_WARN_BLOCK_CAPTURE_AUTORELEASING = YES;
				CLANG_WARN_BOOL_CONVERSION = YES;
				CLANG_WARN_COMMA = YES;
				CLANG_WARN_CONSTANT_CONVERSION = YES;
				CLANG_WARN_DEPRECATED_OBJC_IMPLEMENTATIONS = YES;
				CLANG_WARN_DIRECT_OBJC_ISA_USAGE = YES_ERROR;
				CLANG_WARN_DOCUMENTATION_COMMENTS = YES;
				CLANG_WARN_EMPTY_BODY = YES;
				CLANG_WARN_ENUM_CONVERSION = YES;
				CLANG_WARN_INFINITE_RECURSION = YES;
				CLANG_WARN_INT_CONVERSION = YES;
				CLANG_WARN_NON_LITERAL_NULL_CONVERSION = YES;
				CLANG_WARN_OBJC_IMPLICIT_RETAIN_SELF = YES;
				CLANG_WARN_OBJC_LITERAL_CONVERSION = YES;
				CLANG_WARN_OBJC_ROOT_CLASS = YES_ERROR;
				CLANG_WARN_QUOTED_INCLUDE_IN_FRAMEWORK_HEADER = YES;
				CLANG_WARN_RANGE_LOOP_ANALYSIS = YES;
				CLANG_WARN_STRICT_PROTOTYPES = YES;
				CLANG_WARN_SUSPICIOUS_MOVE = YES;
				CLANG_WARN_UNGUARDED_AVAILABILITY = YES_AGGRESSIVE;
				CLANG_WARN_UNREACHABLE_CODE = YES;
				CLANG_WARN__DUPLICATE_METHOD_MATCH = YES;
				COPY_PHASE_STRIP = NO;
				DEBUG_INFORMATION_FORMAT = dwarf;
				ENABLE_STRICT_OBJC_MSGSEND = YES;
				ENABLE_TESTABILITY = YES;
				GCC_C_LANGUAGE_STANDARD = gnu11;
				GCC_DYNAMIC_NO_PIC = NO;
				GCC_NO_COMMON_BLOCKS = YES;
				GCC_OPTIMIZATION_LEVEL = 0;
				GCC_PREPROCESSOR_DEFINITIONS = (
					"DEBUG=1",
					"$(inherited)",
				);
				GCC_WARN_64_TO_32_BIT_CONVERSION = YES;
				GCC_WARN_ABOUT_RETURN_TYPE = YES_ERROR;
				GCC_WARN_UNDECLARED_SELECTOR = YES;
				GCC_WARN_UNINITIALIZED_AUTOS = YES_AGGRESSIVE;
				GCC_WARN_UNUSED_FUNCTION = YES;
				GCC_WARN_UNUSED_VARIABLE = YES;
				IPHONEOS_DEPLOYMENT_TARGET = 15.2;
				MTL_ENABLE_DEBUG_INFO = INCLUDE_SOURCE;
				MTL_FAST_MATH = YES;
				ONLY_ACTIVE_ARCH = YES;
				SDKROOT = iphoneos;
				SWIFT_ACTIVE_COMPILATION_CONDITIONS = DEBUG;
				SWIFT_OPTIMIZATION_LEVEL = "-Onone";
			};
			name = Debug;
		};
		87BEECAD287D0AAD001226A4 /* Release */ = {
			isa = XCBuildConfiguration;
			buildSettings = {
				ALWAYS_SEARCH_USER_PATHS = NO;
				CLANG_ANALYZER_NONNULL = YES;
				CLANG_ANALYZER_NUMBER_OBJECT_CONVERSION = YES_AGGRESSIVE;
				CLANG_CXX_LANGUAGE_STANDARD = "gnu++17";
				CLANG_CXX_LIBRARY = "libc++";
				CLANG_ENABLE_MODULES = YES;
				CLANG_ENABLE_OBJC_ARC = YES;
				CLANG_ENABLE_OBJC_WEAK = YES;
				CLANG_WARN_BLOCK_CAPTURE_AUTORELEASING = YES;
				CLANG_WARN_BOOL_CONVERSION = YES;
				CLANG_WARN_COMMA = YES;
				CLANG_WARN_CONSTANT_CONVERSION = YES;
				CLANG_WARN_DEPRECATED_OBJC_IMPLEMENTATIONS = YES;
				CLANG_WARN_DIRECT_OBJC_ISA_USAGE = YES_ERROR;
				CLANG_WARN_DOCUMENTATION_COMMENTS = YES;
				CLANG_WARN_EMPTY_BODY = YES;
				CLANG_WARN_ENUM_CONVERSION = YES;
				CLANG_WARN_INFINITE_RECURSION = YES;
				CLANG_WARN_INT_CONVERSION = YES;
				CLANG_WARN_NON_LITERAL_NULL_CONVERSION = YES;
				CLANG_WARN_OBJC_IMPLICIT_RETAIN_SELF = YES;
				CLANG_WARN_OBJC_LITERAL_CONVERSION = YES;
				CLANG_WARN_OBJC_ROOT_CLASS = YES_ERROR;
				CLANG_WARN_QUOTED_INCLUDE_IN_FRAMEWORK_HEADER = YES;
				CLANG_WARN_RANGE_LOOP_ANALYSIS = YES;
				CLANG_WARN_STRICT_PROTOTYPES = YES;
				CLANG_WARN_SUSPICIOUS_MOVE = YES;
				CLANG_WARN_UNGUARDED_AVAILABILITY = YES_AGGRESSIVE;
				CLANG_WARN_UNREACHABLE_CODE = YES;
				CLANG_WARN__DUPLICATE_METHOD_MATCH = YES;
				COPY_PHASE_STRIP = NO;
				DEBUG_INFORMATION_FORMAT = "dwarf-with-dsym";
				ENABLE_NS_ASSERTIONS = NO;
				ENABLE_STRICT_OBJC_MSGSEND = YES;
				GCC_C_LANGUAGE_STANDARD = gnu11;
				GCC_NO_COMMON_BLOCKS = YES;
				GCC_WARN_64_TO_32_BIT_CONVERSION = YES;
				GCC_WARN_ABOUT_RETURN_TYPE = YES_ERROR;
				GCC_WARN_UNDECLARED_SELECTOR = YES;
				GCC_WARN_UNINITIALIZED_AUTOS = YES_AGGRESSIVE;
				GCC_WARN_UNUSED_FUNCTION = YES;
				GCC_WARN_UNUSED_VARIABLE = YES;
				IPHONEOS_DEPLOYMENT_TARGET = 15.2;
				MTL_ENABLE_DEBUG_INFO = NO;
				MTL_FAST_MATH = YES;
				SDKROOT = iphoneos;
				SWIFT_COMPILATION_MODE = wholemodule;
				SWIFT_OPTIMIZATION_LEVEL = "-O";
				VALIDATE_PRODUCT = YES;
			};
			name = Release;
		};
		87BEECAF287D0AAD001226A4 /* Debug */ = {
			isa = XCBuildConfiguration;
			buildSettings = {
				ASSETCATALOG_COMPILER_APPICON_NAME = AppIcon;
				ASSETCATALOG_COMPILER_GLOBAL_ACCENT_COLOR_NAME = AccentColor;
				CODE_SIGN_STYLE = Automatic;
				CURRENT_PROJECT_VERSION = 1;
				GENERATE_INFOPLIST_FILE = YES;
				INFOPLIST_FILE = NetworkApplication/Info.plist;
				INFOPLIST_KEY_UIApplicationSupportsIndirectInputEvents = YES;
				INFOPLIST_KEY_UILaunchStoryboardName = LaunchScreen;
				INFOPLIST_KEY_UIMainStoryboardFile = Main;
				INFOPLIST_KEY_UISupportedInterfaceOrientations_iPad = "UIInterfaceOrientationPortrait UIInterfaceOrientationPortraitUpsideDown UIInterfaceOrientationLandscapeLeft UIInterfaceOrientationLandscapeRight";
				INFOPLIST_KEY_UISupportedInterfaceOrientations_iPhone = "UIInterfaceOrientationPortrait UIInterfaceOrientationLandscapeLeft UIInterfaceOrientationLandscapeRight";
				LD_RUNPATH_SEARCH_PATHS = (
					"$(inherited)",
					"@executable_path/Frameworks",
				);
				MARKETING_VERSION = 1.0;
				PRODUCT_BUNDLE_IDENTIFIER = test.NetworkApplication;
				PRODUCT_NAME = "$(TARGET_NAME)";
				SWIFT_EMIT_LOC_STRINGS = YES;
				SWIFT_VERSION = 5.0;
				TARGETED_DEVICE_FAMILY = "1,2";
			};
			name = Debug;
		};
		87BEECB0287D0AAD001226A4 /* Release */ = {
			isa = XCBuildConfiguration;
			buildSettings = {
				ASSETCATALOG_COMPILER_APPICON_NAME = AppIcon;
				ASSETCATALOG_COMPILER_GLOBAL_ACCENT_COLOR_NAME = AccentColor;
				CODE_SIGN_STYLE = Automatic;
				CURRENT_PROJECT_VERSION = 1;
				GENERATE_INFOPLIST_FILE = YES;
				INFOPLIST_FILE = NetworkApplication/Info.plist;
				INFOPLIST_KEY_UIApplicationSupportsIndirectInputEvents = YES;
				INFOPLIST_KEY_UILaunchStoryboardName = LaunchScreen;
				INFOPLIST_KEY_UIMainStoryboardFile = Main;
				INFOPLIST_KEY_UISupportedInterfaceOrientations_iPad = "UIInterfaceOrientationPortrait UIInterfaceOrientationPortraitUpsideDown UIInterfaceOrientationLandscapeLeft UIInterfaceOrientationLandscapeRight";
				INFOPLIST_KEY_UISupportedInterfaceOrientations_iPhone = "UIInterfaceOrientationPortrait UIInterfaceOrientationLandscapeLeft UIInterfaceOrientationLandscapeRight";
				LD_RUNPATH_SEARCH_PATHS = (
					"$(inherited)",
					"@executable_path/Frameworks",
				);
				MARKETING_VERSION = 1.0;
				PRODUCT_BUNDLE_IDENTIFIER = test.NetworkApplication;
				PRODUCT_NAME = "$(TARGET_NAME)";
				SWIFT_EMIT_LOC_STRINGS = YES;
				SWIFT_VERSION = 5.0;
				TARGETED_DEVICE_FAMILY = "1,2";
			};
			name = Release;
		};
/* End XCBuildConfiguration section */

/* Begin XCConfigurationList section */
		87BEEC95287D0AAA001226A4 /* Build configuration list for PBXProject "NetworkApplication" */ = {
			isa = XCConfigurationList;
			buildConfigurations = (
				87BEECAC287D0AAD001226A4 /* Debug */,
				87BEECAD287D0AAD001226A4 /* Release */,
			);
			defaultConfigurationIsVisible = 0;
			defaultConfigurationName = Release;
		};
		87BEECAE287D0AAD001226A4 /* Build configuration list for PBXNativeTarget "NetworkApplication" */ = {
			isa = XCConfigurationList;
			buildConfigurations = (
				87BEECAF287D0AAD001226A4 /* Debug */,
				87BEECB0287D0AAD001226A4 /* Release */,
			);
			defaultConfigurationIsVisible = 0;
			defaultConfigurationName = Release;
		};
/* End XCConfigurationList section */
	};
	rootObject = 87BEEC92287D0AAA001226A4 /* Project object */;
}
